
Microsoft Visual Studio Solution File, Format Version 12.00
# Visual Studio 2012
Project("{FAE04EC0-301F-11D3-BF4B-00C04F79EFBC}") = "StarNetwork", "StarNetwork\StarNetwork.csproj", "{7E0EDBE5-E679-4673-92B3-3B599A9933EC}"
EndProject
Global
	GlobalSection(SolutionConfigurationPlatforms) = preSolution
		Debug|x86 = Debug|x86
		Release|x86 = Release|x86
		Release|Any CPU = Release|Any CPU
		Debug|Any CPU = Debug|Any CPU
	EndGlobalSection
	GlobalSection(ProjectConfigurationPlatforms) = postSolution
		{7E0EDBE5-E679-4673-92B3-3B599A9933EC}.Release|Any CPU.ActiveCfg = Release|Any CPU
		{7E0EDBE5-E679-4673-92B3-3B599A9933EC}.Release|Any CPU.Build.0 = Release|Any CPU
		{7E0EDBE5-E679-4673-92B3-3B599A9933EC}.Debug|Any CPU.ActiveCfg = Debug|Any CPU
		{7E0EDBE5-E679-4673-92B3-3B599A9933EC}.Debug|Any CPU.Build.0 = Debug|Any CPU
	EndGlobalSection
EndGlobal
